
Microsoft Visual Studio Solution File, Format Version 12.00
# Visual Studio Version 17
VisualStudioVersion = 17.0.31903.59
MinimumVisualStudioVersion = 10.0.40219.1
Project("{2150E333-8FDC-42A3-9474-1A3956D46DE8}") = "src", "src", "{827E0CD3-B72D-47B6-A68D-7590B98EB39B}"
EndProject
Project("{FAE04EC0-301F-11D3-BF4B-00C04F79EFBC}") = "Settlement.Api", "src\Settlement.Api\Settlement.Api.csproj", "{AC66447D-867C-4318-9457-B598FDD07DCC}"
EndProject
Project("{FAE04EC0-301F-11D3-BF4B-00C04F79EFBC}") = "Settlement.Application", "src\Settlement.Application\Settlement.Application.csproj", "{885050F0-6416-4B78-8D61-E9298771C460}"
EndProject
Project("{FAE04EC0-301F-11D3-BF4B-00C04F79EFBC}") = "Settlement.Domain", "src\Settlement.Domain\Settlement.Domain.csproj", "{20E2223D-066D-4E3E-8AE4-2B4773CE98CD}"
EndProject
Project("{FAE04EC0-301F-11D3-BF4B-00C04F79EFBC}") = "Settlement.Infrastructure", "src\Settlement.Infrastructure\Settlement.Infrastructure.csproj", "{C3D573C8-04B9-4C91-8ABE-ABD0551680D0}"
EndProject
Project("{FAE04EC0-301F-11D3-BF4B-00C04F79EFBC}") = "Settlement.Worker", "src\Settlement.Worker\Settlement.Worker.csproj", "{C18A7EEA-2588-4554-9671-1FDDCF2EA650}"
EndProject
Project("{FAE04EC0-301F-11D3-BF4B-00C04F79EFBC}") = "Settlement.Domain.Tests", "tests\Settlement.Domain.Tests\Settlement.Domain.Tests.csproj", "{C4EE0C4F-95BF-42AE-9819-FE29B8769129}"
EndProject
Project("{FAE04EC0-301F-11D3-BF4B-00C04F79EFBC}") = "Settlement.Application.Tests", "tests\Settlement.Application.Tests\Settlement.Application.Tests.csproj", "{F9BEC03D-BB7D-40C5-A865-178EC1105D2E}"
EndProject
Project("{FAE04EC0-301F-11D3-BF4B-00C04F79EFBC}") = "Settlement.Api.Tests", "tests\Settlement.Api.Tests\Settlement.Api.Tests.csproj", "{8AEC6F60-5397-4504-AB3E-7F8396757C33}"
EndProject
Project("{FAE04EC0-301F-11D3-BF4B-00C04F79EFBC}") = "Settlement.IntegrationTests", "tests\Settlement.IntegrationTests\Settlement.IntegrationTests.csproj", "{CAFB278F-36ED-45D1-8A26-6122482F0191}"
EndProject
Global
	GlobalSection(SolutionConfigurationPlatforms) = preSolution
		Debug|Any CPU = Debug|Any CPU
		Debug|x64 = Debug|x64
		Debug|x86 = Debug|x86
		Release|Any CPU = Release|Any CPU
		Release|x64 = Release|x64
		Release|x86 = Release|x86
	EndGlobalSection
	GlobalSection(ProjectConfigurationPlatforms) = postSolution
		{AC66447D-867C-4318-9457-B598FDD07DCC}.Debug|Any CPU.ActiveCfg = Debug|Any CPU
		{AC66447D-867C-4318-9457-B598FDD07DCC}.Debug|Any CPU.Build.0 = Debug|Any CPU
		{AC66447D-867C-4318-9457-B598FDD07DCC}.Debug|x64.ActiveCfg = Debug|Any CPU
		{AC66447D-867C-4318-9457-B598FDD07DCC}.Debug|x64.Build.0 = Debug|Any CPU
		{AC66447D-867C-4318-9457-B598FDD07DCC}.Debug|x86.ActiveCfg = Debug|Any CPU
		{AC66447D-867C-4318-9457-B598FDD07DCC}.Debug|x86.Build.0 = Debug|Any CPU
		{AC66447D-867C-4318-9457-B598FDD07DCC}.Release|Any CPU.ActiveCfg = Release|Any CPU
		{AC66447D-867C-4318-9457-B598FDD07DCC}.Release|Any CPU.Build.0 = Release|Any CPU
		{AC66447D-867C-4318-9457-B598FDD07DCC}.Release|x64.ActiveCfg = Release|Any CPU
		{AC66447D-867C-4318-9457-B598FDD07DCC}.Release|x64.Build.0 = Release|Any CPU
		{AC66447D-867C-4318-9457-B598FDD07DCC}.Release|x86.ActiveCfg = Release|Any CPU
		{AC66447D-867C-4318-9457-B598FDD07DCC}.Release|x86.Build.0 = Release|Any CPU
		{885050F0-6416-4B78-8D61-E9298771C460}.Debug|Any CPU.ActiveCfg = Debug|Any CPU
		{885050F0-6416-4B78-8D61-E9298771C460}.Debug|Any CPU.Build.0 = Debug|Any CPU
		{885050F0-6416-4B78-8D61-E9298771C460}.Debug|x64.ActiveCfg = Debug|Any CPU
		{885050F0-6416-4B78-8D61-E9298771C460}.Debug|x64.Build.0 = Debug|Any CPU
		{885050F0-6416-4B78-8D61-E9298771C460}.Debug|x86.ActiveCfg = Debug|Any CPU
		{885050F0-6416-4B78-8D61-E9298771C460}.Debug|x86.Build.0 = Debug|Any CPU
		{885050F0-6416-4B78-8D61-E9298771C460}.Release|Any CPU.ActiveCfg = Release|Any CPU
		{885050F0-6416-4B78-8D61-E9298771C460}.Release|Any CPU.Build.0 = Release|Any CPU
		{885050F0-6416-4B78-8D61-E9298771C460}.Release|x64.ActiveCfg = Release|Any CPU
		{885050F0-6416-4B78-8D61-E9298771C460}.Release|x64.Build.0 = Release|Any CPU
		{885050F0-6416-4B78-8D61-E9298771C460}.Release|x86.ActiveCfg = Release|Any CPU
		{885050F0-6416-4B78-8D61-E9298771C460}.Release|x86.Build.0 = Release|Any CPU
		{20E2223D-066D-4E3E-8AE4-2B4773CE98CD}.Debug|Any CPU.ActiveCfg = Debug|Any CPU
		{20E2223D-066D-4E3E-8AE4-2B4773CE98CD}.Debug|Any CPU.Build.0 = Debug|Any CPU
		{20E2223D-066D-4E3E-8AE4-2B4773CE98CD}.Debug|x64.ActiveCfg = Debug|Any CPU
		{20E2223D-066D-4E3E-8AE4-2B4773CE98CD}.Debug|x64.Build.0 = Debug|Any CPU
		{20E2223D-066D-4E3E-8AE4-2B4773CE98CD}.Debug|x86.ActiveCfg = Debug|Any CPU
		{20E2223D-066D-4E3E-8AE4-2B4773CE98CD}.Debug|x86.Build.0 = Debug|Any CPU
		{20E2223D-066D-4E3E-8AE4-2B4773CE98CD}.Release|Any CPU.ActiveCfg = Release|Any CPU
		{20E2223D-066D-4E3E-8AE4-2B4773CE98CD}.Release|Any CPU.Build.0 = Release|Any CPU
		{20E2223D-066D-4E3E-8AE4-2B4773CE98CD}.Release|x64.ActiveCfg = Release|Any CPU
		{20E2223D-066D-4E3E-8AE4-2B4773CE98CD}.Release|x64.Build.0 = Release|Any CPU
		{20E2223D-066D-4E3E-8AE4-2B4773CE98CD}.Release|x86.ActiveCfg = Release|Any CPU
		{20E2223D-066D-4E3E-8AE4-2B4773CE98CD}.Release|x86.Build.0 = Release|Any CPU
		{C3D573C8-04B9-4C91-8ABE-ABD0551680D0}.Debug|Any CPU.ActiveCfg = Debug|Any CPU
		{C3D573C8-04B9-4C91-8ABE-ABD0551680D0}.Debug|Any CPU.Build.0 = Debug|Any CPU
		{C3D573C8-04B9-4C91-8ABE-ABD0551680D0}.Debug|x64.ActiveCfg = Debug|Any CPU
		{C3D573C8-04B9-4C91-8ABE-ABD0551680D0}.Debug|x64.Build.0 = Debug|Any CPU
		{C3D573C8-04B9-4C91-8ABE-ABD0551680D0}.Debug|x86.ActiveCfg = Debug|Any CPU
		{C3D573C8-04B9-4C91-8ABE-ABD0551680D0}.Debug|x86.Build.0 = Debug|Any CPU
		{C3D573C8-04B9-4C91-8ABE-ABD0551680D0}.Release|Any CPU.ActiveCfg = Release|Any CPU
		{C3D573C8-04B9-4C91-8ABE-ABD0551680D0}.Release|Any CPU.Build.0 = Release|Any CPU
		{C3D573C8-04B9-4C91-8ABE-ABD0551680D0}.Release|x64.ActiveCfg = Release|Any CPU
		{C3D573C8-04B9-4C91-8ABE-ABD0551680D0}.Release|x64.Build.0 = Release|Any CPU
		{C3D573C8-04B9-4C91-8ABE-ABD0551680D0}.Release|x86.ActiveCfg = Release|Any CPU
		{C3D573C8-04B9-4C91-8ABE-ABD0551680D0}.Release|x86.Build.0 = Release|Any CPU
		{C18A7EEA-2588-4554-9671-1FDDCF2EA650}.Debug|Any CPU.ActiveCfg = Debug|Any CPU
		{C18A7EEA-2588-4554-9671-1FDDCF2EA650}.Debug|Any CPU.Build.0 = Debug|Any CPU
		{C18A7EEA-2588-4554-9671-1FDDCF2EA650}.Debug|x64.ActiveCfg = Debug|Any CPU
		{C18A7EEA-2588-4554-9671-1FDDCF2EA650}.Debug|x64.Build.0 = Debug|Any CPU
		{C18A7EEA-2588-4554-9671-1FDDCF2EA650}.Debug|x86.ActiveCfg = Debug|Any CPU
		{C18A7EEA-2588-4554-9671-1FDDCF2EA650}.Debug|x86.Build.0 = Debug|Any CPU
		{C18A7EEA-2588-4554-9671-1FDDCF2EA650}.Release|Any CPU.ActiveCfg = Release|Any CPU
		{C18A7EEA-2588-4554-9671-1FDDCF2EA650}.Release|Any CPU.Build.0 = Release|Any CPU
		{C18A7EEA-2588-4554-9671-1FDDCF2EA650}.Release|x64.ActiveCfg = Release|Any CPU
		{C18A7EEA-2588-4554-9671-1FDDCF2EA650}.Release|x64.Build.0 = Release|Any CPU
		{C18A7EEA-2588-4554-9671-1FDDCF2EA650}.Release|x86.ActiveCfg = Release|Any CPU
		{C18A7EEA-2588-4554-9671-1FDDCF2EA650}.Release|x86.Build.0 = Release|Any CPU
		{C4EE0C4F-95BF-42AE-9819-FE29B8769129}.Debug|Any CPU.ActiveCfg = Debug|Any CPU
		{C4EE0C4F-95BF-42AE-9819-FE29B8769129}.Debug|Any CPU.Build.0 = Debug|Any CPU
		{C4EE0C4F-95BF-42AE-9819-FE29B8769129}.Debug|x64.ActiveCfg = Debug|Any CPU
		{C4EE0C4F-95BF-42AE-9819-FE29B8769129}.Debug|x64.Build.0 = Debug|Any CPU
		{C4EE0C4F-95BF-42AE-9819-FE29B8769129}.Debug|x86.ActiveCfg = Debug|Any CPU
		{C4EE0C4F-95BF-42AE-9819-FE29B8769129}.Debug|x86.Build.0 = Debug|Any CPU
		{C4EE0C4F-95BF-42AE-9819-FE29B8769129}.Release|Any CPU.ActiveCfg = Release|Any CPU
		{C4EE0C4F-95BF-42AE-9819-FE29B8769129}.Release|Any CPU.Build.0 = Release|Any CPU
		{C4EE0C4F-95BF-42AE-9819-FE29B8769129}.Release|x64.ActiveCfg = Release|Any CPU
		{C4EE0C4F-95BF-42AE-9819-FE29B8769129}.Release|x64.Build.0 = Release|Any CPU
		{C4EE0C4F-95BF-42AE-9819-FE29B8769129}.Release|x86.ActiveCfg = Release|Any CPU
		{C4EE0C4F-95BF-42AE-9819-FE29B8769129}.Release|x86.Build.0 = Release|Any CPU
		{F9BEC03D-BB7D-40C5-A865-178EC1105D2E}.Debug|Any CPU.ActiveCfg = Debug|Any CPU
		{F9BEC03D-BB7D-40C5-A865-178EC1105D2E}.Debug|Any CPU.Build.0 = Debug|Any CPU
		{F9BEC03D-BB7D-40C5-A865-178EC1105D2E}.Debug|x64.ActiveCfg = Debug|Any CPU
		{F9BEC03D-BB7D-40C5-A865-178EC1105D2E}.Debug|x64.Build.0 = Debug|Any CPU
		{F9BEC03D-BB7D-40C5-A865-178EC1105D2E}.Debug|x86.ActiveCfg = Debug|Any CPU
		{F9BEC03D-BB7D-40C5-A865-178EC1105D2E}.Debug|x86.Build.0 = Debug|Any CPU
		{F9BEC03D-BB7D-40C5-A865-178EC1105D2E}.Release|Any CPU.ActiveCfg = Release|Any CPU
		{F9BEC03D-BB7D-40C5-A865-178EC1105D2E}.Release|Any CPU.Build.0 = Release|Any CPU
		{F9BEC03D-BB7D-40C5-A865-178EC1105D2E}.Release|x64.ActiveCfg = Release|Any CPU
		{F9BEC03D-BB7D-40C5-A865-178EC1105D2E}.Release|x64.Build.0 = Release|Any CPU
		{F9BEC03D-BB7D-40C5-A865-178EC1105D2E}.Release|x86.ActiveCfg = Release|Any CPU
		{F9BEC03D-BB7D-40C5-A865-178EC1105D2E}.Release|x86.Build.0 = Release|Any CPU
		{8AEC6F60-5397-4504-AB3E-7F8396757C33}.Debug|Any CPU.ActiveCfg = Debug|Any CPU
		{8AEC6F60-5397-4504-AB3E-7F8396757C33}.Debug|Any CPU.Build.0 = Debug|Any CPU
		{8AEC6F60-5397-4504-AB3E-7F8396757C33}.Debug|x64.ActiveCfg = Debug|Any CPU
		{8AEC6F60-5397-4504-AB3E-7F8396757C33}.Debug|x64.Build.0 = Debug|Any CPU
		{8AEC6F60-5397-4504-AB3E-7F8396757C33}.Debug|x86.ActiveCfg = Debug|Any CPU
		{8AEC6F60-5397-4504-AB3E-7F8396757C33}.Debug|x86.Build.0 = Debug|Any CPU
		{8AEC6F60-5397-4504-AB3E-7F8396757C33}.Release|Any CPU.ActiveCfg = Release|Any CPU
		{8AEC6F60-5397-4504-AB3E-7F8396757C33}.Release|Any CPU.Build.0 = Release|Any CPU
		{8AEC6F60-5397-4504-AB3E-7F8396757C33}.Release|x64.ActiveCfg = Release|Any CPU
		{8AEC6F60-5397-4504-AB3E-7F8396757C33}.Release|x64.Build.0 = Release|Any CPU
		{8AEC6F60-5397-4504-AB3E-7F8396757C33}.Release|x86.ActiveCfg = Release|Any CPU
		{8AEC6F60-5397-4504-AB3E-7F8396757C33}.Release|x86.Build.0 = Release|Any CPU
		{CAFB278F-36ED-45D1-8A26-6122482F0191}.Debug|Any CPU.ActiveCfg = Debug|Any CPU
		{CAFB278F-36ED-45D1-8A26-6122482F0191}.Debug|Any CPU.Build.0 = Debug|Any CPU
		{CAFB278F-36ED-45D1-8A26-6122482F0191}.Debug|x64.ActiveCfg = Debug|Any CPU
		{CAFB278F-36ED-45D1-8A26-6122482F0191}.Debug|x64.Build.0 = Debug|Any CPU
		{CAFB278F-36ED-45D1-8A26-6122482F0191}.Debug|x86.ActiveCfg = Debug|Any CPU
		{CAFB278F-36ED-45D1-8A26-6122482F0191}.Debug|x86.Build.0 = Debug|Any CPU
		{CAFB278F-36ED-45D1-8A26-6122482F0191}.Release|Any CPU.ActiveCfg = Release|Any CPU
		{CAFB278F-36ED-45D1-8A26-6122482F0191}.Release|Any CPU.Build.0 = Release|Any CPU
		{CAFB278F-36ED-45D1-8A26-6122482F0191}.Release|x64.ActiveCfg = Release|Any CPU
		{CAFB278F-36ED-45D1-8A26-6122482F0191}.Release|x64.Build.0 = Release|Any CPU
		{CAFB278F-36ED-45D1-8A26-6122482F0191}.Release|x86.ActiveCfg = Release|Any CPU
		{CAFB278F-36ED-45D1-8A26-6122482F0191}.Release|x86.Build.0 = Release|Any CPU
	EndGlobalSection
	GlobalSection(SolutionProperties) = preSolution
		HideSolutionNode = FALSE
	EndGlobalSection
	GlobalSection(NestedProjects) = preSolution
		{AC66447D-867C-4318-9457-B598FDD07DCC} = {827E0CD3-B72D-47B6-A68D-7590B98EB39B}
		{885050F0-6416-4B78-8D61-E9298771C460} = {827E0CD3-B72D-47B6-A68D-7590B98EB39B}
		{20E2223D-066D-4E3E-8AE4-2B4773CE98CD} = {827E0CD3-B72D-47B6-A68D-7590B98EB39B}
		{C3D573C8-04B9-4C91-8ABE-ABD0551680D0} = {827E0CD3-B72D-47B6-A68D-7590B98EB39B}
		{C18A7EEA-2588-4554-9671-1FDDCF2EA650} = {827E0CD3-B72D-47B6-A68D-7590B98EB39B}
		{C4EE0C4F-95BF-42AE-9819-FE29B8769129} = {827E0CD3-B72D-47B6-A68D-7590B98EB39B}
		{F9BEC03D-BB7D-40C5-A865-178EC1105D2E} = {827E0CD3-B72D-47B6-A68D-7590B98EB39B}
		{8AEC6F60-5397-4504-AB3E-7F8396757C33} = {827E0CD3-B72D-47B6-A68D-7590B98EB39B}
		{CAFB278F-36ED-45D1-8A26-6122482F0191} = {827E0CD3-B72D-47B6-A68D-7590B98EB39B}
	EndGlobalSection
EndGlobal
